// !$*UTF8*$!
{
	archiveVersion = 1;
	classes = {
	};
	objectVersion = 48;
	objects = {

/* Begin PBXBuildFile section */
		27CFCEC87E949E7034876135 /* libPods-TheBibileReader.a in Frameworks */ = {isa = PBXBuildFile; fileRef = 9070ECC1F821F5ED32CA0F16 /* libPods-TheBibileReader.a */; };
		D96BD8991FFDF33F0042A0D0 /* AppDelegate.m in Sources */ = {isa = PBXBuildFile; fileRef = D96BD8981FFDF33F0042A0D0 /* AppDelegate.m */; };
		D96BD89C1FFDF33F0042A0D0 /* ViewController.m in Sources */ = {isa = PBXBuildFile; fileRef = D96BD89B1FFDF33F0042A0D0 /* ViewController.m */; };
		D96BD89F1FFDF33F0042A0D0 /* Main.storyboard in Resources */ = {isa = PBXBuildFile; fileRef = D96BD89D1FFDF33F0042A0D0 /* Main.storyboard */; };
		D96BD8A11FFDF33F0042A0D0 /* Assets.xcassets in Resources */ = {isa = PBXBuildFile; fileRef = D96BD8A01FFDF33F0042A0D0 /* Assets.xcassets */; };
		D96BD8A41FFDF33F0042A0D0 /* LaunchScreen.storyboard in Resources */ = {isa = PBXBuildFile; fileRef = D96BD8A21FFDF33F0042A0D0 /* LaunchScreen.storyboard */; };
		D96BD8A71FFDF33F0042A0D0 /* main.m in Sources */ = {isa = PBXBuildFile; fileRef = D96BD8A61FFDF33F0042A0D0 /* main.m */; };
		D96BD92D1FFF80030042A0D0 /* XDSReadConfig.m in Sources */ = {isa = PBXBuildFile; fileRef = D96BD8B11FFF80030042A0D0 /* XDSReadConfig.m */; };
		D96BD92E1FFF80030042A0D0 /* XDSReadManager.m in Sources */ = {isa = PBXBuildFile; fileRef = D96BD8B31FFF80030042A0D0 /* XDSReadManager.m */; };
		D96BD92F1FFF80030042A0D0 /* XDSReadOperation.m in Sources */ = {isa = PBXBuildFile; fileRef = D96BD8B51FFF80030042A0D0 /* XDSReadOperation.m */; };
		D96BD9301FFF80030042A0D0 /* GTMNSString+HTML.m in Sources */ = {isa = PBXBuildFile; fileRef = D96BD8B91FFF80030042A0D0 /* GTMNSString+HTML.m */; settings = {COMPILER_FLAGS = "-fno-objc-arc"; }; };
		D96BD9311FFF80030042A0D0 /* NSString+HTML.m in Sources */ = {isa = PBXBuildFile; fileRef = D96BD8BB1FFF80030042A0D0 /* NSString+HTML.m */; settings = {COMPILER_FLAGS = "-fno-objc-arc"; }; };
		D96BD9321FFF80030042A0D0 /* CXMLDocument_CreationExtensions.m in Sources */ = {isa = PBXBuildFile; fileRef = D96BD8BF1FFF80030042A0D0 /* CXMLDocument_CreationExtensions.m */; };
		D96BD9331FFF80030042A0D0 /* CXMLNode_CreationExtensions.m in Sources */ = {isa = PBXBuildFile; fileRef = D96BD8C11FFF80030042A0D0 /* CXMLNode_CreationExtensions.m */; };
		D96BD9341FFF80030042A0D0 /* CXHTMLDocument.m in Sources */ = {isa = PBXBuildFile; fileRef = D96BD8C31FFF80030042A0D0 /* CXHTMLDocument.m */; };
		D96BD9351FFF80030042A0D0 /* CXMLDocument.m in Sources */ = {isa = PBXBuildFile; fileRef = D96BD8C51FFF80030042A0D0 /* CXMLDocument.m */; };
		D96BD9361FFF80030042A0D0 /* CXMLDocument_PrivateExtensions.m in Sources */ = {isa = PBXBuildFile; fileRef = D96BD8C71FFF80030042A0D0 /* CXMLDocument_PrivateExtensions.m */; };
		D96BD9371FFF80030042A0D0 /* CXMLElement.m in Sources */ = {isa = PBXBuildFile; fileRef = D96BD8C91FFF80030042A0D0 /* CXMLElement.m */; };
		D96BD9381FFF80030042A0D0 /* CXMLElement_CreationExtensions.m in Sources */ = {isa = PBXBuildFile; fileRef = D96BD8CB1FFF80030042A0D0 /* CXMLElement_CreationExtensions.m */; };
		D96BD9391FFF80030042A0D0 /* CXMLElement_ElementTreeExtensions.m in Sources */ = {isa = PBXBuildFile; fileRef = D96BD8CD1FFF80030042A0D0 /* CXMLElement_ElementTreeExtensions.m */; };
		D96BD93A1FFF80030042A0D0 /* CXMLNamespaceNode.m in Sources */ = {isa = PBXBuildFile; fileRef = D96BD8CF1FFF80030042A0D0 /* CXMLNamespaceNode.m */; };
		D96BD93B1FFF80030042A0D0 /* CXMLNode.m in Sources */ = {isa = PBXBuildFile; fileRef = D96BD8D11FFF80030042A0D0 /* CXMLNode.m */; };
		D96BD93C1FFF80030042A0D0 /* CXMLNode_PrivateExtensions.m in Sources */ = {isa = PBXBuildFile; fileRef = D96BD8D31FFF80030042A0D0 /* CXMLNode_PrivateExtensions.m */; };
		D96BD93D1FFF80030042A0D0 /* CXMLNode_XPathExtensions.m in Sources */ = {isa = PBXBuildFile; fileRef = D96BD8D51FFF80030042A0D0 /* CXMLNode_XPathExtensions.m */; };
		D96BD93E1FFF80030042A0D0 /* CXMLUnsupportedNode.m in Sources */ = {isa = PBXBuildFile; fileRef = D96BD8D71FFF80030042A0D0 /* CXMLUnsupportedNode.m */; };
		D96BD93F1FFF80030042A0D0 /* CTidy.m in Sources */ = {isa = PBXBuildFile; fileRef = D96BD8DA1FFF80030042A0D0 /* CTidy.m */; };
		D96BD9401FFF80030042A0D0 /* UIImage+ImageEffects.m in Sources */ = {isa = PBXBuildFile; fileRef = D96BD8DD1FFF80030042A0D0 /* UIImage+ImageEffects.m */; };
		D96BD9411FFF80030042A0D0 /* UIView+XDSHyperLink.m in Sources */ = {isa = PBXBuildFile; fileRef = D96BD8DF1FFF80030042A0D0 /* UIView+XDSHyperLink.m */; };
		D96BD9421FFF80030042A0D0 /* XDSBookModel.m in Sources */ = {isa = PBXBuildFile; fileRef = D96BD8E21FFF80030042A0D0 /* XDSBookModel.m */; };
		D96BD9431FFF80030042A0D0 /* XDSChapterModel.m in Sources */ = {isa = PBXBuildFile; fileRef = D96BD8E41FFF80030042A0D0 /* XDSChapterModel.m */; };
		D96BD9441FFF80030042A0D0 /* XDSMarkModel.m in Sources */ = {isa = PBXBuildFile; fileRef = D96BD8E61FFF80030042A0D0 /* XDSMarkModel.m */; };
		D96BD9451FFF80030042A0D0 /* XDSNoteModel.m in Sources */ = {isa = PBXBuildFile; fileRef = D96BD8E81FFF80030042A0D0 /* XDSNoteModel.m */; };
		D96BD9461FFF80030042A0D0 /* XDSRecordModel.m in Sources */ = {isa = PBXBuildFile; fileRef = D96BD8EA1FFF80030042A0D0 /* XDSRecordModel.m */; };
		D96BD9471FFF80030042A0D0 /* mdjyml.txt in Resources */ = {isa = PBXBuildFile; fileRef = D96BD8EC1FFF80030042A0D0 /* mdjyml.txt */; };
		D96BD9481FFF80030042A0D0 /* zoubianzhongguo.epub in Resources */ = {isa = PBXBuildFile; fileRef = D96BD8ED1FFF80030042A0D0 /* zoubianzhongguo.epub */; };
		D96BD94A1FFF80030042A0D0 /* 妖神记.txt in Resources */ = {isa = PBXBuildFile; fileRef = D96BD8EF1FFF80030042A0D0 /* 妖神记.txt */; };
		D96BD94B1FFF80030042A0D0 /* 每天懂一点好玩心理学.epub in Resources */ = {isa = PBXBuildFile; fileRef = D96BD8F01FFF80030042A0D0 /* 每天懂一点好玩心理学.epub */; };
		D96BD94C1FFF80030042A0D0 /* XDSReaderGlobleConst.m in Sources */ = {isa = PBXBuildFile; fileRef = D96BD8F41FFF80030042A0D0 /* XDSReaderGlobleConst.m */; };
		D96BD94D1FFF80030042A0D0 /* XDSReaderUtil.m in Sources */ = {isa = PBXBuildFile; fileRef = D96BD8F61FFF80030042A0D0 /* XDSReaderUtil.m */; };
		D96BD94E1FFF80030042A0D0 /* UIControl+XDSHyperLink.m in Sources */ = {isa = PBXBuildFile; fileRef = D96BD8F91FFF80030042A0D0 /* UIControl+XDSHyperLink.m */; };
		D96BD94F1FFF80030042A0D0 /* XDSMagnifierView.m in Sources */ = {isa = PBXBuildFile; fileRef = D96BD8FB1FFF80030042A0D0 /* XDSMagnifierView.m */; };
		D96BD9501FFF80030042A0D0 /* XDSReadView.m in Sources */ = {isa = PBXBuildFile; fileRef = D96BD8FD1FFF80030042A0D0 /* XDSReadView.m */; };
		D96BD9511FFF80030042A0D0 /* XDSPhotoBrowser.m in Sources */ = {isa = PBXBuildFile; fileRef = D96BD9001FFF80030042A0D0 /* XDSPhotoBrowser.m */; };
		D96BD9521FFF80030042A0D0 /* XDSReadPageViewController.m in Sources */ = {isa = PBXBuildFile; fileRef = D96BD9021FFF80030042A0D0 /* XDSReadPageViewController.m */; };
		D96BD9531FFF80030042A0D0 /* XDSReadViewController.m in Sources */ = {isa = PBXBuildFile; fileRef = D96BD9041FFF80030042A0D0 /* XDSReadViewController.m */; };
		D96BD9541FFF80030042A0D0 /* XDSCatalogueTabBarController.m in Sources */ = {isa = PBXBuildFile; fileRef = D96BD9091FFF80030042A0D0 /* XDSCatalogueTabBarController.m */; };
		D96BD9551FFF80030042A0D0 /* XDSCatalogueView.m in Sources */ = {isa = PBXBuildFile; fileRef = D96BD90B1FFF80030042A0D0 /* XDSCatalogueView.m */; };
		D96BD9561FFF80030042A0D0 /* XDSCatalogueViewController.m in Sources */ = {isa = PBXBuildFile; fileRef = D96BD90D1FFF80030042A0D0 /* XDSCatalogueViewController.m */; };
		D96BD9571FFF80030042A0D0 /* XDSMarkViewController.m in Sources */ = {isa = PBXBuildFile; fileRef = D96BD90F1FFF80030042A0D0 /* XDSMarkViewController.m */; };
		D96BD9581FFF80030042A0D0 /* XDSNoDataView.m in Sources */ = {isa = PBXBuildFile; fileRef = D96BD9111FFF80030042A0D0 /* XDSNoDataView.m */; };
		D96BD9591FFF80030042A0D0 /* XDSNoDataView.xib in Resources */ = {isa = PBXBuildFile; fileRef = D96BD9121FFF80030042A0D0 /* XDSNoDataView.xib */; };
		D96BD95A1FFF80030042A0D0 /* XDSNoteCell.m in Sources */ = {isa = PBXBuildFile; fileRef = D96BD9141FFF80030042A0D0 /* XDSNoteCell.m */; };
		D96BD95B1FFF80030042A0D0 /* XDSNoteViewController.m in Sources */ = {isa = PBXBuildFile; fileRef = D96BD9161FFF80030042A0D0 /* XDSNoteViewController.m */; };
		D96BD95C1FFF80030042A0D0 /* XDSHaloButton.m in Sources */ = {isa = PBXBuildFile; fileRef = D96BD9181FFF80030042A0D0 /* XDSHaloButton.m */; };
		D96BD95D1FFF80030042A0D0 /* XDSLightView.m in Sources */ = {isa = PBXBuildFile; fileRef = D96BD91A1FFF80030042A0D0 /* XDSLightView.m */; };
		D96BD95E1FFF80030042A0D0 /* XDSMenuBottomView.m in Sources */ = {isa = PBXBuildFile; fileRef = D96BD91C1FFF80030042A0D0 /* XDSMenuBottomView.m */; };
		D96BD95F1FFF80030042A0D0 /* XDSMenuTopView.m in Sources */ = {isa = PBXBuildFile; fileRef = D96BD91E1FFF80030042A0D0 /* XDSMenuTopView.m */; };
		D96BD9601FFF80030042A0D0 /* XDSReadMenu.m in Sources */ = {isa = PBXBuildFile; fileRef = D96BD9201FFF80030042A0D0 /* XDSReadMenu.m */; };
		D96BD9611FFF80030042A0D0 /* XDSReadMenu.xcassets in Resources */ = {isa = PBXBuildFile; fileRef = D96BD9211FFF80030042A0D0 /* XDSReadMenu.xcassets */; };
		D96BD9621FFF80030042A0D0 /* XDSReadRootView.m in Sources */ = {isa = PBXBuildFile; fileRef = D96BD9231FFF80030042A0D0 /* XDSReadRootView.m */; };
		D96BD9631FFF80030042A0D0 /* XDSReadSettingView.m in Sources */ = {isa = PBXBuildFile; fileRef = D96BD9251FFF80030042A0D0 /* XDSReadSettingView.m */; };
		D96BD9641FFF80030042A0D0 /* XDSReadViewConst.m in Sources */ = {isa = PBXBuildFile; fileRef = D96BD9271FFF80030042A0D0 /* XDSReadViewConst.m */; };
		D96BD9651FFF80030042A0D0 /* UIView+YGPulseView.m in Sources */ = {isa = PBXBuildFile; fileRef = D96BD92A1FFF80030042A0D0 /* UIView+YGPulseView.m */; };
		D96BD9671FFF80410042A0D0 /* libz.tbd in Frameworks */ = {isa = PBXBuildFile; fileRef = D96BD9661FFF80410042A0D0 /* libz.tbd */; };
/* End PBXBuildFile section */

/* Begin PBXFileReference section */
		4709CCB6A53D6E1B17DD02F7 /* Pods-TheBibileReader.debug.xcconfig */ = {isa = PBXFileReference; includeInIndex = 1; lastKnownFileType = text.xcconfig; name = "Pods-TheBibileReader.debug.xcconfig"; path = "Pods/Target Support Files/Pods-TheBibileReader/Pods-TheBibileReader.debug.xcconfig"; sourceTree = "<group>"; };
		6AB0FD57B0E0FF605F14CDFF /* Pods-TheBibileReader.release.xcconfig */ = {isa = PBXFileReference; includeInIndex = 1; lastKnownFileType = text.xcconfig; name = "Pods-TheBibileReader.release.xcconfig"; path = "Pods/Target Support Files/Pods-TheBibileReader/Pods-TheBibileReader.release.xcconfig"; sourceTree = "<group>"; };
		9070ECC1F821F5ED32CA0F16 /* libPods-TheBibileReader.a */ = {isa = PBXFileReference; explicitFileType = archive.ar; includeInIndex = 0; path = "libPods-TheBibileReader.a"; sourceTree = BUILT_PRODUCTS_DIR; };
		D96BD8941FFDF33F0042A0D0 /* TheBibileReader.app */ = {isa = PBXFileReference; explicitFileType = wrapper.application; includeInIndex = 0; path = TheBibileReader.app; sourceTree = BUILT_PRODUCTS_DIR; };
		D96BD8971FFDF33F0042A0D0 /* AppDelegate.h */ = {isa = PBXFileReference; lastKnownFileType = sourcecode.c.h; path = AppDelegate.h; sourceTree = "<group>"; };
		D96BD8981FFDF33F0042A0D0 /* AppDelegate.m */ = {isa = PBXFileReference; lastKnownFileType = sourcecode.c.objc; path = AppDelegate.m; sourceTree = "<group>"; };
		D96BD89A1FFDF33F0042A0D0 /* ViewController.h */ = {isa = PBXFileReference; lastKnownFileType = sourcecode.c.h; path = ViewController.h; sourceTree = "<group>"; };
		D96BD89B1FFDF33F0042A0D0 /* ViewController.m */ = {isa = PBXFileReference; lastKnownFileType = sourcecode.c.objc; path = ViewController.m; sourceTree = "<group>"; };
		D96BD89E1FFDF33F0042A0D0 /* Base */ = {isa = PBXFileReference; lastKnownFileType = file.storyboard; name = Base; path = Base.lproj/Main.storyboard; sourceTree = "<group>"; };
		D96BD8A01FFDF33F0042A0D0 /* Assets.xcassets */ = {isa = PBXFileReference; lastKnownFileType = folder.assetcatalog; path = Assets.xcassets; sourceTree = "<group>"; };
		D96BD8A31FFDF33F0042A0D0 /* Base */ = {isa = PBXFileReference; lastKnownFileType = file.storyboard; name = Base; path = Base.lproj/LaunchScreen.storyboard; sourceTree = "<group>"; };
		D96BD8A51FFDF33F0042A0D0 /* Info.plist */ = {isa = PBXFileReference; lastKnownFileType = text.plist.xml; path = Info.plist; sourceTree = "<group>"; };
		D96BD8A61FFDF33F0042A0D0 /* main.m */ = {isa = PBXFileReference; lastKnownFileType = sourcecode.c.objc; path = main.m; sourceTree = "<group>"; };
		D96BD8B01FFF80030042A0D0 /* XDSReadConfig.h */ = {isa = PBXFileReference; fileEncoding = 4; lastKnownFileType = sourcecode.c.h; path = XDSReadConfig.h; sourceTree = "<group>"; };
		D96BD8B11FFF80030042A0D0 /* XDSReadConfig.m */ = {isa = PBXFileReference; fileEncoding = 4; lastKnownFileType = sourcecode.c.objc; path = XDSReadConfig.m; sourceTree = "<group>"; };
		D96BD8B21FFF80030042A0D0 /* XDSReadManager.h */ = {isa = PBXFileReference; fileEncoding = 4; lastKnownFileType = sourcecode.c.h; path = XDSReadManager.h; sourceTree = "<group>"; };
		D96BD8B31FFF80030042A0D0 /* XDSReadManager.m */ = {isa = PBXFileReference; fileEncoding = 4; lastKnownFileType = sourcecode.c.objc; path = XDSReadManager.m; sourceTree = "<group>"; };
		D96BD8B41FFF80030042A0D0 /* XDSReadOperation.h */ = {isa = PBXFileReference; fileEncoding = 4; lastKnownFileType = sourcecode.c.h; path = XDSReadOperation.h; sourceTree = "<group>"; };
		D96BD8B51FFF80030042A0D0 /* XDSReadOperation.m */ = {isa = PBXFileReference; fileEncoding = 4; lastKnownFileType = sourcecode.c.objc; path = XDSReadOperation.m; sourceTree = "<group>"; };
		D96BD8B71FFF80030042A0D0 /* GTMDefines.h */ = {isa = PBXFileReference; fileEncoding = 4; lastKnownFileType = sourcecode.c.h; path = GTMDefines.h; sourceTree = "<group>"; };
		D96BD8B81FFF80030042A0D0 /* GTMNSString+HTML.h */ = {isa = PBXFileReference; fileEncoding = 4; lastKnownFileType = sourcecode.c.h; path = "GTMNSString+HTML.h"; sourceTree = "<group>"; };
		D96BD8B91FFF80030042A0D0 /* GTMNSString+HTML.m */ = {isa = PBXFileReference; fileEncoding = 4; lastKnownFileType = sourcecode.c.objc; path = "GTMNSString+HTML.m"; sourceTree = "<group>"; };
		D96BD8BA1FFF80030042A0D0 /* NSString+HTML.h */ = {isa = PBXFileReference; fileEncoding = 4; lastKnownFileType = sourcecode.c.h; path = "NSString+HTML.h"; sourceTree = "<group>"; };
		D96BD8BB1FFF80030042A0D0 /* NSString+HTML.m */ = {isa = PBXFileReference; fileEncoding = 4; lastKnownFileType = sourcecode.c.objc; path = "NSString+HTML.m"; sourceTree = "<group>"; };
		D96BD8BE1FFF80030042A0D0 /* CXMLDocument_CreationExtensions.h */ = {isa = PBXFileReference; fileEncoding = 4; lastKnownFileType = sourcecode.c.h; path = CXMLDocument_CreationExtensions.h; sourceTree = "<group>"; };
		D96BD8BF1FFF80030042A0D0 /* CXMLDocument_CreationExtensions.m */ = {isa = PBXFileReference; fileEncoding = 4; lastKnownFileType = sourcecode.c.objc; path = CXMLDocument_CreationExtensions.m; sourceTree = "<group>"; };
		D96BD8C01FFF80030042A0D0 /* CXMLNode_CreationExtensions.h */ = {isa = PBXFileReference; fileEncoding = 4; lastKnownFileType = sourcecode.c.h; path = CXMLNode_CreationExtensions.h; sourceTree = "<group>"; };
		D96BD8C11FFF80030042A0D0 /* CXMLNode_CreationExtensions.m */ = {isa = PBXFileReference; fileEncoding = 4; lastKnownFileType = sourcecode.c.objc; path = CXMLNode_CreationExtensions.m; sourceTree = "<group>"; };
		D96BD8C21FFF80030042A0D0 /* CXHTMLDocument.h */ = {isa = PBXFileReference; fileEncoding = 4; lastKnownFileType = sourcecode.c.h; path = CXHTMLDocument.h; sourceTree = "<group>"; };
		D96BD8C31FFF80030042A0D0 /* CXHTMLDocument.m */ = {isa = PBXFileReference; fileEncoding = 4; lastKnownFileType = sourcecode.c.objc; path = CXHTMLDocument.m; sourceTree = "<group>"; };
		D96BD8C41FFF80030042A0D0 /* CXMLDocument.h */ = {isa = PBXFileReference; fileEncoding = 4; lastKnownFileType = sourcecode.c.h; path = CXMLDocument.h; sourceTree = "<group>"; };
		D96BD8C51FFF80030042A0D0 /* CXMLDocument.m */ = {isa = PBXFileReference; fileEncoding = 4; lastKnownFileType = sourcecode.c.objc; path = CXMLDocument.m; sourceTree = "<group>"; };
		D96BD8C61FFF80030042A0D0 /* CXMLDocument_PrivateExtensions.h */ = {isa = PBXFileReference; fileEncoding = 4; lastKnownFileType = sourcecode.c.h; path = CXMLDocument_PrivateExtensions.h; sourceTree = "<group>"; };
		D96BD8C71FFF80030042A0D0 /* CXMLDocument_PrivateExtensions.m */ = {isa = PBXFileReference; fileEncoding = 4; lastKnownFileType = sourcecode.c.objc; path = CXMLDocument_PrivateExtensions.m; sourceTree = "<group>"; };
		D96BD8C81FFF80030042A0D0 /* CXMLElement.h */ = {isa = PBXFileReference; fileEncoding = 4; lastKnownFileType = sourcecode.c.h; path = CXMLElement.h; sourceTree = "<group>"; };
		D96BD8C91FFF80030042A0D0 /* CXMLElement.m */ = {isa = PBXFileReference; fileEncoding = 4; lastKnownFileType = sourcecode.c.objc; path = CXMLElement.m; sourceTree = "<group>"; };
		D96BD8CA1FFF80030042A0D0 /* CXMLElement_CreationExtensions.h */ = {isa = PBXFileReference; fileEncoding = 4; lastKnownFileType = sourcecode.c.h; path = CXMLElement_CreationExtensions.h; sourceTree = "<group>"; };
		D96BD8CB1FFF80030042A0D0 /* CXMLElement_CreationExtensions.m */ = {isa = PBXFileReference; fileEncoding = 4; lastKnownFileType = sourcecode.c.objc; path = CXMLElement_CreationExtensions.m; sourceTree = "<group>"; };
		D96BD8CC1FFF80030042A0D0 /* CXMLElement_ElementTreeExtensions.h */ = {isa = PBXFileReference; fileEncoding = 4; lastKnownFileType = sourcecode.c.h; path = CXMLElement_ElementTreeExtensions.h; sourceTree = "<group>"; };
		D96BD8CD1FFF80030042A0D0 /* CXMLElement_ElementTreeExtensions.m */ = {isa = PBXFileReference; fileEncoding = 4; lastKnownFileType = sourcecode.c.objc; path = CXMLElement_ElementTreeExtensions.m; sourceTree = "<group>"; };
		D96BD8CE1FFF80030042A0D0 /* CXMLNamespaceNode.h */ = {isa = PBXFileReference; fileEncoding = 4; lastKnownFileType = sourcecode.c.h; path = CXMLNamespaceNode.h; sourceTree = "<group>"; };
		D96BD8CF1FFF80030042A0D0 /* CXMLNamespaceNode.m */ = {isa = PBXFileReference; fileEncoding = 4; lastKnownFileType = sourcecode.c.objc; path = CXMLNamespaceNode.m; sourceTree = "<group>"; };
		D96BD8D01FFF80030042A0D0 /* CXMLNode.h */ = {isa = PBXFileReference; fileEncoding = 4; lastKnownFileType = sourcecode.c.h; path = CXMLNode.h; sourceTree = "<group>"; };
		D96BD8D11FFF80030042A0D0 /* CXMLNode.m */ = {isa = PBXFileReference; fileEncoding = 4; lastKnownFileType = sourcecode.c.objc; path = CXMLNode.m; sourceTree = "<group>"; };
		D96BD8D21FFF80030042A0D0 /* CXMLNode_PrivateExtensions.h */ = {isa = PBXFileReference; fileEncoding = 4; lastKnownFileType = sourcecode.c.h; path = CXMLNode_PrivateExtensions.h; sourceTree = "<group>"; };
		D96BD8D31FFF80030042A0D0 /* CXMLNode_PrivateExtensions.m */ = {isa = PBXFileReference; fileEncoding = 4; lastKnownFileType = sourcecode.c.objc; path = CXMLNode_PrivateExtensions.m; sourceTree = "<group>"; };
		D96BD8D41FFF80030042A0D0 /* CXMLNode_XPathExtensions.h */ = {isa = PBXFileReference; fileEncoding = 4; lastKnownFileType = sourcecode.c.h; path = CXMLNode_XPathExtensions.h; sourceTree = "<group>"; };
		D96BD8D51FFF80030042A0D0 /* CXMLNode_XPathExtensions.m */ = {isa = PBXFileReference; fileEncoding = 4; lastKnownFileType = sourcecode.c.objc; path = CXMLNode_XPathExtensions.m; sourceTree = "<group>"; };
		D96BD8D61FFF80030042A0D0 /* CXMLUnsupportedNode.h */ = {isa = PBXFileReference; fileEncoding = 4; lastKnownFileType = sourcecode.c.h; path = CXMLUnsupportedNode.h; sourceTree = "<group>"; };
		D96BD8D71FFF80030042A0D0 /* CXMLUnsupportedNode.m */ = {isa = PBXFileReference; fileEncoding = 4; lastKnownFileType = sourcecode.c.objc; path = CXMLUnsupportedNode.m; sourceTree = "<group>"; };
		D96BD8D91FFF80030042A0D0 /* CTidy.h */ = {isa = PBXFileReference; fileEncoding = 4; lastKnownFileType = sourcecode.c.h; path = CTidy.h; sourceTree = "<group>"; };
		D96BD8DA1FFF80030042A0D0 /* CTidy.m */ = {isa = PBXFileReference; fileEncoding = 4; lastKnownFileType = sourcecode.c.objc; path = CTidy.m; sourceTree = "<group>"; };
		D96BD8DB1FFF80030042A0D0 /* TouchXML.h */ = {isa = PBXFileReference; fileEncoding = 4; lastKnownFileType = sourcecode.c.h; path = TouchXML.h; sourceTree = "<group>"; };
		D96BD8DC1FFF80030042A0D0 /* UIImage+ImageEffects.h */ = {isa = PBXFileReference; fileEncoding = 4; lastKnownFileType = sourcecode.c.h; path = "UIImage+ImageEffects.h"; sourceTree = "<group>"; };
		D96BD8DD1FFF80030042A0D0 /* UIImage+ImageEffects.m */ = {isa = PBXFileReference; fileEncoding = 4; lastKnownFileType = sourcecode.c.objc; path = "UIImage+ImageEffects.m"; sourceTree = "<group>"; };
		D96BD8DE1FFF80030042A0D0 /* UIView+XDSHyperLink.h */ = {isa = PBXFileReference; fileEncoding = 4; lastKnownFileType = sourcecode.c.h; path = "UIView+XDSHyperLink.h"; sourceTree = "<group>"; };
		D96BD8DF1FFF80030042A0D0 /* UIView+XDSHyperLink.m */ = {isa = PBXFileReference; fileEncoding = 4; lastKnownFileType = sourcecode.c.objc; path = "UIView+XDSHyperLink.m"; sourceTree = "<group>"; };
		D96BD8E11FFF80030042A0D0 /* XDSBookModel.h */ = {isa = PBXFileReference; fileEncoding = 4; lastKnownFileType = sourcecode.c.h; path = XDSBookModel.h; sourceTree = "<group>"; };
		D96BD8E21FFF80030042A0D0 /* XDSBookModel.m */ = {isa = PBXFileReference; fileEncoding = 4; lastKnownFileType = sourcecode.c.objc; path = XDSBookModel.m; sourceTree = "<group>"; };
		D96BD8E31FFF80030042A0D0 /* XDSChapterModel.h */ = {isa = PBXFileReference; fileEncoding = 4; lastKnownFileType = sourcecode.c.h; path = XDSChapterModel.h; sourceTree = "<group>"; };
		D96BD8E41FFF80030042A0D0 /* XDSChapterModel.m */ = {isa = PBXFileReference; fileEncoding = 4; lastKnownFileType = sourcecode.c.objc; path = XDSChapterModel.m; sourceTree = "<group>"; };
		D96BD8E51FFF80030042A0D0 /* XDSMarkModel.h */ = {isa = PBXFileReference; fileEncoding = 4; lastKnownFileType = sourcecode.c.h; path = XDSMarkModel.h; sourceTree = "<group>"; };
		D96BD8E61FFF80030042A0D0 /* XDSMarkModel.m */ = {isa = PBXFileReference; fileEncoding = 4; lastKnownFileType = sourcecode.c.objc; path = XDSMarkModel.m; sourceTree = "<group>"; };
		D96BD8E71FFF80030042A0D0 /* XDSNoteModel.h */ = {isa = PBXFileReference; fileEncoding = 4; lastKnownFileType = sourcecode.c.h; path = XDSNoteModel.h; sourceTree = "<group>"; };
		D96BD8E81FFF80030042A0D0 /* XDSNoteModel.m */ = {isa = PBXFileReference; fileEncoding = 4; lastKnownFileType = sourcecode.c.objc; path = XDSNoteModel.m; sourceTree = "<group>"; };
		D96BD8E91FFF80030042A0D0 /* XDSRecordModel.h */ = {isa = PBXFileReference; fileEncoding = 4; lastKnownFileType = sourcecode.c.h; path = XDSRecordModel.h; sourceTree = "<group>"; };
		D96BD8EA1FFF80030042A0D0 /* XDSRecordModel.m */ = {isa = PBXFileReference; fileEncoding = 4; lastKnownFileType = sourcecode.c.objc; path = XDSRecordModel.m; sourceTree = "<group>"; };
		D96BD8EC1FFF80030042A0D0 /* mdjyml.txt */ = {isa = PBXFileReference; fileEncoding = 4; lastKnownFileType = text; path = mdjyml.txt; sourceTree = "<group>"; };
		D96BD8ED1FFF80030042A0D0 /* zoubianzhongguo.epub */ = {isa = PBXFileReference; lastKnownFileType = file; path = zoubianzhongguo.epub; sourceTree = "<group>"; };
		D96BD8EF1FFF80030042A0D0 /* 妖神记.txt */ = {isa = PBXFileReference; fileEncoding = 4; lastKnownFileType = text; path = "妖神记.txt"; sourceTree = "<group>"; };
		D96BD8F01FFF80030042A0D0 /* 每天懂一点好玩心理学.epub */ = {isa = PBXFileReference; lastKnownFileType = file; path = "每天懂一点好玩心理学.epub"; sourceTree = "<group>"; };
		D96BD8F21FFF80030042A0D0 /* XDSReaderDelegate.h */ = {isa = PBXFileReference; fileEncoding = 4; lastKnownFileType = sourcecode.c.h; path = XDSReaderDelegate.h; sourceTree = "<group>"; };
		D96BD8F31FFF80030042A0D0 /* XDSReaderGlobleConst.h */ = {isa = PBXFileReference; fileEncoding = 4; lastKnownFileType = sourcecode.c.h; path = XDSReaderGlobleConst.h; sourceTree = "<group>"; };
		D96BD8F41FFF80030042A0D0 /* XDSReaderGlobleConst.m */ = {isa = PBXFileReference; fileEncoding = 4; lastKnownFileType = sourcecode.c.objc; path = XDSReaderGlobleConst.m; sourceTree = "<group>"; };
		D96BD8F51FFF80030042A0D0 /* XDSReaderUtil.h */ = {isa = PBXFileReference; fileEncoding = 4; lastKnownFileType = sourcecode.c.h; path = XDSReaderUtil.h; sourceTree = "<group>"; };
		D96BD8F61FFF80030042A0D0 /* XDSReaderUtil.m */ = {isa = PBXFileReference; fileEncoding = 4; lastKnownFileType = sourcecode.c.objc; path = XDSReaderUtil.m; sourceTree = "<group>"; };
		D96BD8F81FFF80030042A0D0 /* UIControl+XDSHyperLink.h */ = {isa = PBXFileReference; fileEncoding = 4; lastKnownFileType = sourcecode.c.h; path = "UIControl+XDSHyperLink.h"; sourceTree = "<group>"; };
		D96BD8F91FFF80030042A0D0 /* UIControl+XDSHyperLink.m */ = {isa = PBXFileReference; fileEncoding = 4; lastKnownFileType = sourcecode.c.objc; path = "UIControl+XDSHyperLink.m"; sourceTree = "<group>"; };
		D96BD8FA1FFF80030042A0D0 /* XDSMagnifierView.h */ = {isa = PBXFileReference; fileEncoding = 4; lastKnownFileType = sourcecode.c.h; path = XDSMagnifierView.h; sourceTree = "<group>"; };
		D96BD8FB1FFF80030042A0D0 /* XDSMagnifierView.m */ = {isa = PBXFileReference; fileEncoding = 4; lastKnownFileType = sourcecode.c.objc; path = XDSMagnifierView.m; sourceTree = "<group>"; };
		D96BD8FC1FFF80030042A0D0 /* XDSReadView.h */ = {isa = PBXFileReference; fileEncoding = 4; lastKnownFileType = sourcecode.c.h; path = XDSReadView.h; sourceTree = "<group>"; };
		D96BD8FD1FFF80030042A0D0 /* XDSReadView.m */ = {isa = PBXFileReference; fileEncoding = 4; lastKnownFileType = sourcecode.c.objc; path = XDSReadView.m; sourceTree = "<group>"; };
		D96BD8FF1FFF80030042A0D0 /* XDSPhotoBrowser.h */ = {isa = PBXFileReference; fileEncoding = 4; lastKnownFileType = sourcecode.c.h; path = XDSPhotoBrowser.h; sourceTree = "<group>"; };
		D96BD9001FFF80030042A0D0 /* XDSPhotoBrowser.m */ = {isa = PBXFileReference; fileEncoding = 4; lastKnownFileType = sourcecode.c.objc; path = XDSPhotoBrowser.m; sourceTree = "<group>"; };
		D96BD9011FFF80030042A0D0 /* XDSReadPageViewController.h */ = {isa = PBXFileReference; fileEncoding = 4; lastKnownFileType = sourcecode.c.h; path = XDSReadPageViewController.h; sourceTree = "<group>"; };
		D96BD9021FFF80030042A0D0 /* XDSReadPageViewController.m */ = {isa = PBXFileReference; fileEncoding = 4; lastKnownFileType = sourcecode.c.objc; path = XDSReadPageViewController.m; sourceTree = "<group>"; };
		D96BD9031FFF80030042A0D0 /* XDSReadViewController.h */ = {isa = PBXFileReference; fileEncoding = 4; lastKnownFileType = sourcecode.c.h; path = XDSReadViewController.h; sourceTree = "<group>"; };
		D96BD9041FFF80030042A0D0 /* XDSReadViewController.m */ = {isa = PBXFileReference; fileEncoding = 4; lastKnownFileType = sourcecode.c.objc; path = XDSReadViewController.m; sourceTree = "<group>"; };
		D96BD9051FFF80030042A0D0 /* XDSReaderHeader.h */ = {isa = PBXFileReference; fileEncoding = 4; lastKnownFileType = sourcecode.c.h; path = XDSReaderHeader.h; sourceTree = "<group>"; };
		D96BD9081FFF80030042A0D0 /* XDSCatalogueTabBarController.h */ = {isa = PBXFileReference; fileEncoding = 4; lastKnownFileType = sourcecode.c.h; path = XDSCatalogueTabBarController.h; sourceTree = "<group>"; };
		D96BD9091FFF80030042A0D0 /* XDSCatalogueTabBarController.m */ = {isa = PBXFileReference; fileEncoding = 4; lastKnownFileType = sourcecode.c.objc; path = XDSCatalogueTabBarController.m; sourceTree = "<group>"; };
		D96BD90A1FFF80030042A0D0 /* XDSCatalogueView.h */ = {isa = PBXFileReference; fileEncoding = 4; lastKnownFileType = sourcecode.c.h; path = XDSCatalogueView.h; sourceTree = "<group>"; };
		D96BD90B1FFF80030042A0D0 /* XDSCatalogueView.m */ = {isa = PBXFileReference; fileEncoding = 4; lastKnownFileType = sourcecode.c.objc; path = XDSCatalogueView.m; sourceTree = "<group>"; };
		D96BD90C1FFF80030042A0D0 /* XDSCatalogueViewController.h */ = {isa = PBXFileReference; fileEncoding = 4; lastKnownFileType = sourcecode.c.h; path = XDSCatalogueViewController.h; sourceTree = "<group>"; };
		D96BD90D1FFF80030042A0D0 /* XDSCatalogueViewController.m */ = {isa = PBXFileReference; fileEncoding = 4; lastKnownFileType = sourcecode.c.objc; path = XDSCatalogueViewController.m; sourceTree = "<group>"; };
		D96BD90E1FFF80030042A0D0 /* XDSMarkViewController.h */ = {isa = PBXFileReference; fileEncoding = 4; lastKnownFileType = sourcecode.c.h; path = XDSMarkViewController.h; sourceTree = "<group>"; };
		D96BD90F1FFF80030042A0D0 /* XDSMarkViewController.m */ = {isa = PBXFileReference; fileEncoding = 4; lastKnownFileType = sourcecode.c.objc; path = XDSMarkViewController.m; sourceTree = "<group>"; };
		D96BD9101FFF80030042A0D0 /* XDSNoDataView.h */ = {isa = PBXFileReference; fileEncoding = 4; lastKnownFileType = sourcecode.c.h; path = XDSNoDataView.h; sourceTree = "<group>"; };
		D96BD9111FFF80030042A0D0 /* XDSNoDataView.m */ = {isa = PBXFileReference; fileEncoding = 4; lastKnownFileType = sourcecode.c.objc; path = XDSNoDataView.m; sourceTree = "<group>"; };
		D96BD9121FFF80030042A0D0 /* XDSNoDataView.xib */ = {isa = PBXFileReference; fileEncoding = 4; lastKnownFileType = file.xib; path = XDSNoDataView.xib; sourceTree = "<group>"; };
		D96BD9131FFF80030042A0D0 /* XDSNoteCell.h */ = {isa = PBXFileReference; fileEncoding = 4; lastKnownFileType = sourcecode.c.h; path = XDSNoteCell.h; sourceTree = "<group>"; };
		D96BD9141FFF80030042A0D0 /* XDSNoteCell.m */ = {isa = PBXFileReference; fileEncoding = 4; lastKnownFileType = sourcecode.c.objc; path = XDSNoteCell.m; sourceTree = "<group>"; };
		D96BD9151FFF80030042A0D0 /* XDSNoteViewController.h */ = {isa = PBXFileReference; fileEncoding = 4; lastKnownFileType = sourcecode.c.h; path = XDSNoteViewController.h; sourceTree = "<group>"; };
		D96BD9161FFF80030042A0D0 /* XDSNoteViewController.m */ = {isa = PBXFileReference; fileEncoding = 4; lastKnownFileType = sourcecode.c.objc; path = XDSNoteViewController.m; sourceTree = "<group>"; };
		D96BD9171FFF80030042A0D0 /* XDSHaloButton.h */ = {isa = PBXFileReference; fileEncoding = 4; lastKnownFileType = sourcecode.c.h; path = XDSHaloButton.h; sourceTree = "<group>"; };
		D96BD9181FFF80030042A0D0 /* XDSHaloButton.m */ = {isa = PBXFileReference; fileEncoding = 4; lastKnownFileType = sourcecode.c.objc; path = XDSHaloButton.m; sourceTree = "<group>"; };
		D96BD9191FFF80030042A0D0 /* XDSLightView.h */ = {isa = PBXFileReference; fileEncoding = 4; lastKnownFileType = sourcecode.c.h; path = XDSLightView.h; sourceTree = "<group>"; };
		D96BD91A1FFF80030042A0D0 /* XDSLightView.m */ = {isa = PBXFileReference; fileEncoding = 4; lastKnownFileType = sourcecode.c.objc; path = XDSLightView.m; sourceTree = "<group>"; };
		D96BD91B1FFF80030042A0D0 /* XDSMenuBottomView.h */ = {isa = PBXFileReference; fileEncoding = 4; lastKnownFileType = sourcecode.c.h; path = XDSMenuBottomView.h; sourceTree = "<group>"; };
		D96BD91C1FFF80030042A0D0 /* XDSMenuBottomView.m */ = {isa = PBXFileReference; fileEncoding = 4; lastKnownFileType = sourcecode.c.objc; path = XDSMenuBottomView.m; sourceTree = "<group>"; };
		D96BD91D1FFF80030042A0D0 /* XDSMenuTopView.h */ = {isa = PBXFileReference; fileEncoding = 4; lastKnownFileType = sourcecode.c.h; path = XDSMenuTopView.h; sourceTree = "<group>"; };
		D96BD91E1FFF80030042A0D0 /* XDSMenuTopView.m */ = {isa = PBXFileReference; fileEncoding = 4; lastKnownFileType = sourcecode.c.objc; path = XDSMenuTopView.m; sourceTree = "<group>"; };
		D96BD91F1FFF80030042A0D0 /* XDSReadMenu.h */ = {isa = PBXFileReference; fileEncoding = 4; lastKnownFileType = sourcecode.c.h; path = XDSReadMenu.h; sourceTree = "<group>"; };
		D96BD9201FFF80030042A0D0 /* XDSReadMenu.m */ = {isa = PBXFileReference; fileEncoding = 4; lastKnownFileType = sourcecode.c.objc; path = XDSReadMenu.m; sourceTree = "<group>"; };
		D96BD9211FFF80030042A0D0 /* XDSReadMenu.xcassets */ = {isa = PBXFileReference; lastKnownFileType = folder.assetcatalog; path = XDSReadMenu.xcassets; sourceTree = "<group>"; };
		D96BD9221FFF80030042A0D0 /* XDSReadRootView.h */ = {isa = PBXFileReference; fileEncoding = 4; lastKnownFileType = sourcecode.c.h; path = XDSReadRootView.h; sourceTree = "<group>"; };
		D96BD9231FFF80030042A0D0 /* XDSReadRootView.m */ = {isa = PBXFileReference; fileEncoding = 4; lastKnownFileType = sourcecode.c.objc; path = XDSReadRootView.m; sourceTree = "<group>"; };
		D96BD9241FFF80030042A0D0 /* XDSReadSettingView.h */ = {isa = PBXFileReference; fileEncoding = 4; lastKnownFileType = sourcecode.c.h; path = XDSReadSettingView.h; sourceTree = "<group>"; };
		D96BD9251FFF80030042A0D0 /* XDSReadSettingView.m */ = {isa = PBXFileReference; fileEncoding = 4; lastKnownFileType = sourcecode.c.objc; path = XDSReadSettingView.m; sourceTree = "<group>"; };
		D96BD9261FFF80030042A0D0 /* XDSReadViewConst.h */ = {isa = PBXFileReference; fileEncoding = 4; lastKnownFileType = sourcecode.c.h; path = XDSReadViewConst.h; sourceTree = "<group>"; };
		D96BD9271FFF80030042A0D0 /* XDSReadViewConst.m */ = {isa = PBXFileReference; fileEncoding = 4; lastKnownFileType = sourcecode.c.objc; path = XDSReadViewConst.m; sourceTree = "<group>"; };
		D96BD9291FFF80030042A0D0 /* UIView+YGPulseView.h */ = {isa = PBXFileReference; fileEncoding = 4; lastKnownFileType = sourcecode.c.h; path = "UIView+YGPulseView.h"; sourceTree = "<group>"; };
		D96BD92A1FFF80030042A0D0 /* UIView+YGPulseView.m */ = {isa = PBXFileReference; fileEncoding = 4; lastKnownFileType = sourcecode.c.objc; path = "UIView+YGPulseView.m"; sourceTree = "<group>"; };
		D96BD9661FFF80410042A0D0 /* libz.tbd */ = {isa = PBXFileReference; lastKnownFileType = "sourcecode.text-based-dylib-definition"; name = libz.tbd; path = usr/lib/libz.tbd; sourceTree = SDKROOT; };
		D96BD9681FFF81270042A0D0 /* BiblePrefixHeader.pch */ = {isa = PBXFileReference; lastKnownFileType = sourcecode.c.h; path = BiblePrefixHeader.pch; sourceTree = "<group>"; };
/* End PBXFileReference section */

/* Begin PBXFrameworksBuildPhase section */
		D96BD8911FFDF33F0042A0D0 /* Frameworks */ = {
			isa = PBXFrameworksBuildPhase;
			buildActionMask = 2147483647;
			files = (
				27CFCEC87E949E7034876135 /* libPods-TheBibileReader.a in Frameworks */,
				D96BD9671FFF80410042A0D0 /* libz.tbd in Frameworks */,
			);
			runOnlyForDeploymentPostprocessing = 0;
		};
/* End PBXFrameworksBuildPhase section */

/* Begin PBXGroup section */
		9B3309C06CC6796667FBA7DA /* Pods */ = {
			isa = PBXGroup;
			children = (
				4709CCB6A53D6E1B17DD02F7 /* Pods-TheBibileReader.debug.xcconfig */,
				6AB0FD57B0E0FF605F14CDFF /* Pods-TheBibileReader.release.xcconfig */,
			);
			name = Pods;
			sourceTree = "<group>";
		};
		A4B414C3DEF2A2B7C96BD33A /* Frameworks */ = {
			isa = PBXGroup;
			children = (
				D96BD9661FFF80410042A0D0 /* libz.tbd */,
				9070ECC1F821F5ED32CA0F16 /* libPods-TheBibileReader.a */,
			);
			name = Frameworks;
			sourceTree = "<group>";
		};
		D96BD88B1FFDF33F0042A0D0 = {
			isa = PBXGroup;
			children = (
				D96BD8961FFDF33F0042A0D0 /* TheBibileReader */,
				D96BD8951FFDF33F0042A0D0 /* Products */,
				9B3309C06CC6796667FBA7DA /* Pods */,
				A4B414C3DEF2A2B7C96BD33A /* Frameworks */,
			);
			sourceTree = "<group>";
		};
		D96BD8951FFDF33F0042A0D0 /* Products */ = {
			isa = PBXGroup;
			children = (
				D96BD8941FFDF33F0042A0D0 /* TheBibileReader.app */,
			);
			name = Products;
			sourceTree = "<group>";
		};
		D96BD8961FFDF33F0042A0D0 /* TheBibileReader */ = {
			isa = PBXGroup;
			children = (
				D96BD92C1FFF80030042A0D0 /* Business */,
				D96BD92B1FFF80030042A0D0 /* Handlers */,
				D96BD8AD1FFF80030042A0D0 /* Venders */,
				D96BD8971FFDF33F0042A0D0 /* AppDelegate.h */,
				D96BD8981FFDF33F0042A0D0 /* AppDelegate.m */,
				D96BD89A1FFDF33F0042A0D0 /* ViewController.h */,
				D96BD89B1FFDF33F0042A0D0 /* ViewController.m */,
				D96BD9681FFF81270042A0D0 /* BiblePrefixHeader.pch */,
				D96BD89D1FFDF33F0042A0D0 /* Main.storyboard */,
				D96BD8A01FFDF33F0042A0D0 /* Assets.xcassets */,
				D96BD8A21FFDF33F0042A0D0 /* LaunchScreen.storyboard */,
				D96BD8A51FFDF33F0042A0D0 /* Info.plist */,
				D96BD8A61FFDF33F0042A0D0 /* main.m */,
			);
			path = TheBibileReader;
			sourceTree = "<group>";
		};
		D96BD8AD1FFF80030042A0D0 /* Venders */ = {
			isa = PBXGroup;
			children = (
				D96BD8AE1FFF80030042A0D0 /* XDSReaderKit */,
				D96BD9061FFF80030042A0D0 /* XDSReadMenu */,
			);
			path = Venders;
			sourceTree = "<group>";
		};
		D96BD8AE1FFF80030042A0D0 /* XDSReaderKit */ = {
			isa = PBXGroup;
			children = (
				D96BD8AF1FFF80030042A0D0 /* Core */,
				D96BD8B61FFF80030042A0D0 /* External */,
				D96BD8E01FFF80030042A0D0 /* Model */,
				D96BD8EB1FFF80030042A0D0 /* Resource */,
				D96BD8F11FFF80030042A0D0 /* Util */,
				D96BD8F71FFF80030042A0D0 /* View */,
				D96BD8FE1FFF80030042A0D0 /* ViewController */,
				D96BD9051FFF80030042A0D0 /* XDSReaderHeader.h */,
			);
			path = XDSReaderKit;
			sourceTree = "<group>";
		};
		D96BD8AF1FFF80030042A0D0 /* Core */ = {
			isa = PBXGroup;
			children = (
				D96BD8B01FFF80030042A0D0 /* XDSReadConfig.h */,
				D96BD8B11FFF80030042A0D0 /* XDSReadConfig.m */,
				D96BD8B21FFF80030042A0D0 /* XDSReadManager.h */,
				D96BD8B31FFF80030042A0D0 /* XDSReadManager.m */,
				D96BD8B41FFF80030042A0D0 /* XDSReadOperation.h */,
				D96BD8B51FFF80030042A0D0 /* XDSReadOperation.m */,
			);
			path = Core;
			sourceTree = "<group>";
		};
		D96BD8B61FFF80030042A0D0 /* External */ = {
			isa = PBXGroup;
			children = (
				D96BD8B71FFF80030042A0D0 /* GTMDefines.h */,
				D96BD8B81FFF80030042A0D0 /* GTMNSString+HTML.h */,
				D96BD8B91FFF80030042A0D0 /* GTMNSString+HTML.m */,
				D96BD8BA1FFF80030042A0D0 /* NSString+HTML.h */,
				D96BD8BB1FFF80030042A0D0 /* NSString+HTML.m */,
				D96BD8BC1FFF80030042A0D0 /* TouchXML */,
				D96BD8DC1FFF80030042A0D0 /* UIImage+ImageEffects.h */,
				D96BD8DD1FFF80030042A0D0 /* UIImage+ImageEffects.m */,
				D96BD8DE1FFF80030042A0D0 /* UIView+XDSHyperLink.h */,
				D96BD8DF1FFF80030042A0D0 /* UIView+XDSHyperLink.m */,
			);
			path = External;
			sourceTree = "<group>";
		};
		D96BD8BC1FFF80030042A0D0 /* TouchXML */ = {
			isa = PBXGroup;
			children = (
				D96BD8BD1FFF80030042A0D0 /* Creation */,
				D96BD8C21FFF80030042A0D0 /* CXHTMLDocument.h */,
				D96BD8C31FFF80030042A0D0 /* CXHTMLDocument.m */,
				D96BD8C41FFF80030042A0D0 /* CXMLDocument.h */,
				D96BD8C51FFF80030042A0D0 /* CXMLDocument.m */,
				D96BD8C61FFF80030042A0D0 /* CXMLDocument_PrivateExtensions.h */,
				D96BD8C71FFF80030042A0D0 /* CXMLDocument_PrivateExtensions.m */,
				D96BD8C81FFF80030042A0D0 /* CXMLElement.h */,
				D96BD8C91FFF80030042A0D0 /* CXMLElement.m */,
				D96BD8CA1FFF80030042A0D0 /* CXMLElement_CreationExtensions.h */,
				D96BD8CB1FFF80030042A0D0 /* CXMLElement_CreationExtensions.m */,
				D96BD8CC1FFF80030042A0D0 /* CXMLElement_ElementTreeExtensions.h */,
				D96BD8CD1FFF80030042A0D0 /* CXMLElement_ElementTreeExtensions.m */,
				D96BD8CE1FFF80030042A0D0 /* CXMLNamespaceNode.h */,
				D96BD8CF1FFF80030042A0D0 /* CXMLNamespaceNode.m */,
				D96BD8D01FFF80030042A0D0 /* CXMLNode.h */,
				D96BD8D11FFF80030042A0D0 /* CXMLNode.m */,
				D96BD8D21FFF80030042A0D0 /* CXMLNode_PrivateExtensions.h */,
				D96BD8D31FFF80030042A0D0 /* CXMLNode_PrivateExtensions.m */,
				D96BD8D41FFF80030042A0D0 /* CXMLNode_XPathExtensions.h */,
				D96BD8D51FFF80030042A0D0 /* CXMLNode_XPathExtensions.m */,
				D96BD8D61FFF80030042A0D0 /* CXMLUnsupportedNode.h */,
				D96BD8D71FFF80030042A0D0 /* CXMLUnsupportedNode.m */,
				D96BD8D81FFF80030042A0D0 /* Tidy */,
				D96BD8DB1FFF80030042A0D0 /* TouchXML.h */,
			);
			path = TouchXML;
			sourceTree = "<group>";
		};
		D96BD8BD1FFF80030042A0D0 /* Creation */ = {
			isa = PBXGroup;
			children = (
				D96BD8BE1FFF80030042A0D0 /* CXMLDocument_CreationExtensions.h */,
				D96BD8BF1FFF80030042A0D0 /* CXMLDocument_CreationExtensions.m */,
				D96BD8C01FFF80030042A0D0 /* CXMLNode_CreationExtensions.h */,
				D96BD8C11FFF80030042A0D0 /* CXMLNode_CreationExtensions.m */,
			);
			path = Creation;
			sourceTree = "<group>";
		};
		D96BD8D81FFF80030042A0D0 /* Tidy */ = {
			isa = PBXGroup;
			children = (
				D96BD8D91FFF80030042A0D0 /* CTidy.h */,
				D96BD8DA1FFF80030042A0D0 /* CTidy.m */,
			);
			path = Tidy;
			sourceTree = "<group>";
		};
		D96BD8E01FFF80030042A0D0 /* Model */ = {
			isa = PBXGroup;
			children = (
				D96BD8E11FFF80030042A0D0 /* XDSBookModel.h */,
				D96BD8E21FFF80030042A0D0 /* XDSBookModel.m */,
				D96BD8E31FFF80030042A0D0 /* XDSChapterModel.h */,
				D96BD8E41FFF80030042A0D0 /* XDSChapterModel.m */,
				D96BD8E51FFF80030042A0D0 /* XDSMarkModel.h */,
				D96BD8E61FFF80030042A0D0 /* XDSMarkModel.m */,
				D96BD8E71FFF80030042A0D0 /* XDSNoteModel.h */,
				D96BD8E81FFF80030042A0D0 /* XDSNoteModel.m */,
				D96BD8E91FFF80030042A0D0 /* XDSRecordModel.h */,
				D96BD8EA1FFF80030042A0D0 /* XDSRecordModel.m */,
			);
			path = Model;
			sourceTree = "<group>";
		};
		D96BD8EB1FFF80030042A0D0 /* Resource */ = {
			isa = PBXGroup;
			children = (
				D96BD8EC1FFF80030042A0D0 /* mdjyml.txt */,
				D96BD8ED1FFF80030042A0D0 /* zoubianzhongguo.epub */,
				D96BD8EF1FFF80030042A0D0 /* 妖神记.txt */,
				D96BD8F01FFF80030042A0D0 /* 每天懂一点好玩心理学.epub */,
			);
			path = Resource;
			sourceTree = "<group>";
		};
		D96BD8F11FFF80030042A0D0 /* Util */ = {
			isa = PBXGroup;
			children = (
				D96BD8F21FFF80030042A0D0 /* XDSReaderDelegate.h */,
				D96BD8F31FFF80030042A0D0 /* XDSReaderGlobleConst.h */,
				D96BD8F41FFF80030042A0D0 /* XDSReaderGlobleConst.m */,
				D96BD8F51FFF80030042A0D0 /* XDSReaderUtil.h */,
				D96BD8F61FFF80030042A0D0 /* XDSReaderUtil.m */,
			);
			path = Util;
			sourceTree = "<group>";
		};
		D96BD8F71FFF80030042A0D0 /* View */ = {
			isa = PBXGroup;
			children = (
				D96BD8F81FFF80030042A0D0 /* UIControl+XDSHyperLink.h */,
				D96BD8F91FFF80030042A0D0 /* UIControl+XDSHyperLink.m */,
				D96BD8FA1FFF80030042A0D0 /* XDSMagnifierView.h */,
				D96BD8FB1FFF80030042A0D0 /* XDSMagnifierView.m */,
				D96BD8FC1FFF80030042A0D0 /* XDSReadView.h */,
				D96BD8FD1FFF80030042A0D0 /* XDSReadView.m */,
			);
			path = View;
			sourceTree = "<group>";
		};
		D96BD8FE1FFF80030042A0D0 /* ViewController */ = {
			isa = PBXGroup;
			children = (
				D96BD8FF1FFF80030042A0D0 /* XDSPhotoBrowser.h */,
				D96BD9001FFF80030042A0D0 /* XDSPhotoBrowser.m */,
				D96BD9011FFF80030042A0D0 /* XDSReadPageViewController.h */,
				D96BD9021FFF80030042A0D0 /* XDSReadPageViewController.m */,
				D96BD9031FFF80030042A0D0 /* XDSReadViewController.h */,
				D96BD9041FFF80030042A0D0 /* XDSReadViewController.m */,
			);
			path = ViewController;
			sourceTree = "<group>";
		};
		D96BD9061FFF80030042A0D0 /* XDSReadMenu */ = {
			isa = PBXGroup;
			children = (
				D96BD9071FFF80030042A0D0 /* Catologue */,
				D96BD9171FFF80030042A0D0 /* XDSHaloButton.h */,
				D96BD9181FFF80030042A0D0 /* XDSHaloButton.m */,
				D96BD9191FFF80030042A0D0 /* XDSLightView.h */,
				D96BD91A1FFF80030042A0D0 /* XDSLightView.m */,
				D96BD91B1FFF80030042A0D0 /* XDSMenuBottomView.h */,
				D96BD91C1FFF80030042A0D0 /* XDSMenuBottomView.m */,
				D96BD91D1FFF80030042A0D0 /* XDSMenuTopView.h */,
				D96BD91E1FFF80030042A0D0 /* XDSMenuTopView.m */,
				D96BD91F1FFF80030042A0D0 /* XDSReadMenu.h */,
				D96BD9201FFF80030042A0D0 /* XDSReadMenu.m */,
				D96BD9211FFF80030042A0D0 /* XDSReadMenu.xcassets */,
				D96BD9221FFF80030042A0D0 /* XDSReadRootView.h */,
				D96BD9231FFF80030042A0D0 /* XDSReadRootView.m */,
				D96BD9241FFF80030042A0D0 /* XDSReadSettingView.h */,
				D96BD9251FFF80030042A0D0 /* XDSReadSettingView.m */,
				D96BD9261FFF80030042A0D0 /* XDSReadViewConst.h */,
				D96BD9271FFF80030042A0D0 /* XDSReadViewConst.m */,
				D96BD9281FFF80030042A0D0 /* YGPulseView */,
			);
			path = XDSReadMenu;
			sourceTree = "<group>";
		};
		D96BD9071FFF80030042A0D0 /* Catologue */ = {
			isa = PBXGroup;
			children = (
				D96BD9081FFF80030042A0D0 /* XDSCatalogueTabBarController.h */,
				D96BD9091FFF80030042A0D0 /* XDSCatalogueTabBarController.m */,
				D96BD90A1FFF80030042A0D0 /* XDSCatalogueView.h */,
				D96BD90B1FFF80030042A0D0 /* XDSCatalogueView.m */,
				D96BD90C1FFF80030042A0D0 /* XDSCatalogueViewController.h */,
				D96BD90D1FFF80030042A0D0 /* XDSCatalogueViewController.m */,
				D96BD90E1FFF80030042A0D0 /* XDSMarkViewController.h */,
				D96BD90F1FFF80030042A0D0 /* XDSMarkViewController.m */,
				D96BD9101FFF80030042A0D0 /* XDSNoDataView.h */,
				D96BD9111FFF80030042A0D0 /* XDSNoDataView.m */,
				D96BD9121FFF80030042A0D0 /* XDSNoDataView.xib */,
				D96BD9131FFF80030042A0D0 /* XDSNoteCell.h */,
				D96BD9141FFF80030042A0D0 /* XDSNoteCell.m */,
				D96BD9151FFF80030042A0D0 /* XDSNoteViewController.h */,
				D96BD9161FFF80030042A0D0 /* XDSNoteViewController.m */,
			);
			path = Catologue;
			sourceTree = "<group>";
		};
		D96BD9281FFF80030042A0D0 /* YGPulseView */ = {
			isa = PBXGroup;
			children = (
				D96BD9291FFF80030042A0D0 /* UIView+YGPulseView.h */,
				D96BD92A1FFF80030042A0D0 /* UIView+YGPulseView.m */,
			);
			path = YGPulseView;
			sourceTree = "<group>";
		};
		D96BD92B1FFF80030042A0D0 /* Handlers */ = {
			isa = PBXGroup;
			children = (
			);
			path = Handlers;
			sourceTree = "<group>";
		};
		D96BD92C1FFF80030042A0D0 /* Business */ = {
			isa = PBXGroup;
			children = (
			);
			path = Business;
			sourceTree = "<group>";
		};
/* End PBXGroup section */

/* Begin PBXNativeTarget section */
		D96BD8931FFDF33F0042A0D0 /* TheBibileReader */ = {
			isa = PBXNativeTarget;
			buildConfigurationList = D96BD8AA1FFDF33F0042A0D0 /* Build configuration list for PBXNativeTarget "TheBibileReader" */;
			buildPhases = (
				B591B800909341332537EA16 /* [CP] Check Pods Manifest.lock */,
				D96BD8901FFDF33F0042A0D0 /* Sources */,
				D96BD8911FFDF33F0042A0D0 /* Frameworks */,
				D96BD8921FFDF33F0042A0D0 /* Resources */,
				8A02857BC7486377746672DA /* [CP] Embed Pods Frameworks */,
				A0F69F3A14B16A9B5E29BD80 /* [CP] Copy Pods Resources */,
			);
			buildRules = (
			);
			dependencies = (
			);
			name = TheBibileReader;
			productName = TheBibileReader;
			productReference = D96BD8941FFDF33F0042A0D0 /* TheBibileReader.app */;
			productType = "com.apple.product-type.application";
		};
/* End PBXNativeTarget section */

/* Begin PBXProject section */
		D96BD88C1FFDF33F0042A0D0 /* Project object */ = {
			isa = PBXProject;
			attributes = {
				LastUpgradeCheck = 0910;
				ORGANIZATIONNAME = LowBee;
				TargetAttributes = {
					D96BD8931FFDF33F0042A0D0 = {
						CreatedOnToolsVersion = 9.1;
						ProvisioningStyle = Automatic;
					};
				};
			};
			buildConfigurationList = D96BD88F1FFDF33F0042A0D0 /* Build configuration list for PBXProject "TheBibileReader" */;
			compatibilityVersion = "Xcode 8.0";
			developmentRegion = en;
			hasScannedForEncodings = 0;
			knownRegions = (
				en,
				Base,
			);
			mainGroup = D96BD88B1FFDF33F0042A0D0;
			productRefGroup = D96BD8951FFDF33F0042A0D0 /* Products */;
			projectDirPath = "";
			projectRoot = "";
			targets = (
				D96BD8931FFDF33F0042A0D0 /* TheBibileReader */,
			);
		};
/* End PBXProject section */

/* Begin PBXResourcesBuildPhase section */
		D96BD8921FFDF33F0042A0D0 /* Resources */ = {
			isa = PBXResourcesBuildPhase;
			buildActionMask = 2147483647;
			files = (
				D96BD9481FFF80030042A0D0 /* zoubianzhongguo.epub in Resources */,
				D96BD94B1FFF80030042A0D0 /* 每天懂一点好玩心理学.epub in Resources */,
				D96BD9611FFF80030042A0D0 /* XDSReadMenu.xcassets in Resources */,
				D96BD9591FFF80030042A0D0 /* XDSNoDataView.xib in Resources */,
				D96BD8A41FFDF33F0042A0D0 /* LaunchScreen.storyboard in Resources */,
				D96BD9471FFF80030042A0D0 /* mdjyml.txt in Resources */,
				D96BD8A11FFDF33F0042A0D0 /* Assets.xcassets in Resources */,
				D96BD94A1FFF80030042A0D0 /* 妖神记.txt in Resources */,
				D96BD89F1FFDF33F0042A0D0 /* Main.storyboard in Resources */,
			);
			runOnlyForDeploymentPostprocessing = 0;
		};
/* End PBXResourcesBuildPhase section */

/* Begin PBXShellScriptBuildPhase section */
		8A02857BC7486377746672DA /* [CP] Embed Pods Frameworks */ = {
			isa = PBXShellScriptBuildPhase;
			buildActionMask = 2147483647;
			files = (
			);
			inputPaths = (
			);
			name = "[CP] Embed Pods Frameworks";
			outputPaths = (
			);
			runOnlyForDeploymentPostprocessing = 0;
			shellPath = /bin/sh;
			shellScript = "\"${SRCROOT}/Pods/Target Support Files/Pods-TheBibileReader/Pods-TheBibileReader-frameworks.sh\"\n";
			showEnvVarsInLog = 0;
		};
		A0F69F3A14B16A9B5E29BD80 /* [CP] Copy Pods Resources */ = {
			isa = PBXShellScriptBuildPhase;
			buildActionMask = 2147483647;
			files = (
			);
			inputPaths = (
				"${SRCROOT}/Pods/Target Support Files/Pods-TheBibileReader/Pods-TheBibileReader-resources.sh",
				$PODS_CONFIGURATION_BUILD_DIR/MWPhotoBrowser/MWPhotoBrowser.bundle,
			);
			name = "[CP] Copy Pods Resources";
			outputPaths = (
				"${TARGET_BUILD_DIR}/${UNLOCALIZED_RESOURCES_FOLDER_PATH}",
			);
			runOnlyForDeploymentPostprocessing = 0;
			shellPath = /bin/sh;
			shellScript = "\"${SRCROOT}/Pods/Target Support Files/Pods-TheBibileReader/Pods-TheBibileReader-resources.sh\"\n";
			showEnvVarsInLog = 0;
		};
		B591B800909341332537EA16 /* [CP] Check Pods Manifest.lock */ = {
			isa = PBXShellScriptBuildPhase;
			buildActionMask = 2147483647;
			files = (
			);
			inputPaths = (
				"${PODS_PODFILE_DIR_PATH}/Podfile.lock",
				"${PODS_ROOT}/Manifest.lock",
			);
			name = "[CP] Check Pods Manifest.lock";
			outputPaths = (
				"$(DERIVED_FILE_DIR)/Pods-TheBibileReader-checkManifestLockResult.txt",
			);
			runOnlyForDeploymentPostprocessing = 0;
			shellPath = /bin/sh;
			shellScript = "diff \"${PODS_PODFILE_DIR_PATH}/Podfile.lock\" \"${PODS_ROOT}/Manifest.lock\" > /dev/null\nif [ $? != 0 ] ; then\n    # print error to STDERR\n    echo \"error: The sandbox is not in sync with the Podfile.lock. Run 'pod install' or update your CocoaPods installation.\" >&2\n    exit 1\nfi\n# This output is used by Xcode 'outputs' to avoid re-running this script phase.\necho \"SUCCESS\" > \"${SCRIPT_OUTPUT_FILE_0}\"\n";
			showEnvVarsInLog = 0;
		};
/* End PBXShellScriptBuildPhase section */

/* Begin PBXSourcesBuildPhase section */
		D96BD8901FFDF33F0042A0D0 /* Sources */ = {
			isa = PBXSourcesBuildPhase;
			buildActionMask = 2147483647;
			files = (
				D96BD89C1FFDF33F0042A0D0 /* ViewController.m in Sources */,
				D96BD9431FFF80030042A0D0 /* XDSChapterModel.m in Sources */,
				D96BD9551FFF80030042A0D0 /* XDSCatalogueView.m in Sources */,
				D96BD94E1FFF80030042A0D0 /* UIControl+XDSHyperLink.m in Sources */,
				D96BD9411FFF80030042A0D0 /* UIView+XDSHyperLink.m in Sources */,
				D96BD9451FFF80030042A0D0 /* XDSNoteModel.m in Sources */,
				D96BD9541FFF80030042A0D0 /* XDSCatalogueTabBarController.m in Sources */,
				D96BD9581FFF80030042A0D0 /* XDSNoDataView.m in Sources */,
				D96BD9321FFF80030042A0D0 /* CXMLDocument_CreationExtensions.m in Sources */,
				D96BD9501FFF80030042A0D0 /* XDSReadView.m in Sources */,
				D96BD94C1FFF80030042A0D0 /* XDSReaderGlobleConst.m in Sources */,
				D96BD92F1FFF80030042A0D0 /* XDSReadOperation.m in Sources */,
				D96BD93D1FFF80030042A0D0 /* CXMLNode_XPathExtensions.m in Sources */,
				D96BD95F1FFF80030042A0D0 /* XDSMenuTopView.m in Sources */,
				D96BD9381FFF80030042A0D0 /* CXMLElement_CreationExtensions.m in Sources */,
				D96BD95B1FFF80030042A0D0 /* XDSNoteViewController.m in Sources */,
				D96BD9311FFF80030042A0D0 /* NSString+HTML.m in Sources */,
				D96BD93B1FFF80030042A0D0 /* CXMLNode.m in Sources */,
				D96BD9651FFF80030042A0D0 /* UIView+YGPulseView.m in Sources */,
				D96BD9441FFF80030042A0D0 /* XDSMarkModel.m in Sources */,
				D96BD9331FFF80030042A0D0 /* CXMLNode_CreationExtensions.m in Sources */,
				D96BD9621FFF80030042A0D0 /* XDSReadRootView.m in Sources */,
				D96BD8A71FFDF33F0042A0D0 /* main.m in Sources */,
				D96BD9421FFF80030042A0D0 /* XDSBookModel.m in Sources */,
				D96BD9371FFF80030042A0D0 /* CXMLElement.m in Sources */,
				D96BD92E1FFF80030042A0D0 /* XDSReadManager.m in Sources */,
				D96BD95C1FFF80030042A0D0 /* XDSHaloButton.m in Sources */,
				D96BD8991FFDF33F0042A0D0 /* AppDelegate.m in Sources */,
				D96BD93E1FFF80030042A0D0 /* CXMLUnsupportedNode.m in Sources */,
				D96BD9521FFF80030042A0D0 /* XDSReadPageViewController.m in Sources */,
				D96BD9351FFF80030042A0D0 /* CXMLDocument.m in Sources */,
				D96BD9601FFF80030042A0D0 /* XDSReadMenu.m in Sources */,
				D96BD92D1FFF80030042A0D0 /* XDSReadConfig.m in Sources */,
				D96BD9561FFF80030042A0D0 /* XDSCatalogueViewController.m in Sources */,
				D96BD9631FFF80030042A0D0 /* XDSReadSettingView.m in Sources */,
				D96BD95E1FFF80030042A0D0 /* XDSMenuBottomView.m in Sources */,
				D96BD9571FFF80030042A0D0 /* XDSMarkViewController.m in Sources */,
				D96BD9401FFF80030042A0D0 /* UIImage+ImageEffects.m in Sources */,
				D96BD9361FFF80030042A0D0 /* CXMLDocument_PrivateExtensions.m in Sources */,
				D96BD95D1FFF80030042A0D0 /* XDSLightView.m in Sources */,
				D96BD93C1FFF80030042A0D0 /* CXMLNode_PrivateExtensions.m in Sources */,
				D96BD95A1FFF80030042A0D0 /* XDSNoteCell.m in Sources */,
				D96BD9531FFF80030042A0D0 /* XDSReadViewController.m in Sources */,
				D96BD9391FFF80030042A0D0 /* CXMLElement_ElementTreeExtensions.m in Sources */,
				D96BD9341FFF80030042A0D0 /* CXHTMLDocument.m in Sources */,
				D96BD9511FFF80030042A0D0 /* XDSPhotoBrowser.m in Sources */,
				D96BD9301FFF80030042A0D0 /* GTMNSString+HTML.m in Sources */,
				D96BD94F1FFF80030042A0D0 /* XDSMagnifierView.m in Sources */,
				D96BD93A1FFF80030042A0D0 /* CXMLNamespaceNode.m in Sources */,
				D96BD94D1FFF80030042A0D0 /* XDSReaderUtil.m in Sources */,
				D96BD93F1FFF80030042A0D0 /* CTidy.m in Sources */,
				D96BD9641FFF80030042A0D0 /* XDSReadViewConst.m in Sources */,
				D96BD9461FFF80030042A0D0 /* XDSRecordModel.m in Sources */,
			);
			runOnlyForDeploymentPostprocessing = 0;
		};
/* End PBXSourcesBuildPhase section */

/* Begin PBXVariantGroup section */
		D96BD89D1FFDF33F0042A0D0 /* Main.storyboard */ = {
			isa = PBXVariantGroup;
			children = (
				D96BD89E1FFDF33F0042A0D0 /* Base */,
			);
			name = Main.storyboard;
			sourceTree = "<group>";
		};
		D96BD8A21FFDF33F0042A0D0 /* LaunchScreen.storyboard */ = {
			isa = PBXVariantGroup;
			children = (
				D96BD8A31FFDF33F0042A0D0 /* Base */,
			);
			name = LaunchScreen.storyboard;
			sourceTree = "<group>";
		};
/* End PBXVariantGroup section */

/* Begin XCBuildConfiguration section */
		D96BD8A81FFDF33F0042A0D0 /* Debug */ = {
			isa = XCBuildConfiguration;
			buildSettings = {
				ALWAYS_SEARCH_USER_PATHS = NO;
				CLANG_ANALYZER_NONNULL = YES;
				CLANG_ANALYZER_NUMBER_OBJECT_CONVERSION = YES_AGGRESSIVE;
				CLANG_CXX_LANGUAGE_STANDARD = "gnu++14";
				CLANG_CXX_LIBRARY = "libc++";
				CLANG_ENABLE_MODULES = YES;
				CLANG_ENABLE_OBJC_ARC = YES;
				CLANG_WARN_BLOCK_CAPTURE_AUTORELEASING = YES;
				CLANG_WARN_BOOL_CONVERSION = YES;
				CLANG_WARN_COMMA = YES;
				CLANG_WARN_CONSTANT_CONVERSION = YES;
				CLANG_WARN_DIRECT_OBJC_ISA_USAGE = YES_ERROR;
				CLANG_WARN_DOCUMENTATION_COMMENTS = YES;
				CLANG_WARN_EMPTY_BODY = YES;
				CLANG_WARN_ENUM_CONVERSION = YES;
				CLANG_WARN_INFINITE_RECURSION = YES;
				CLANG_WARN_INT_CONVERSION = YES;
				CLANG_WARN_NON_LITERAL_NULL_CONVERSION = YES;
				CLANG_WARN_OBJC_LITERAL_CONVERSION = YES;
				CLANG_WARN_OBJC_ROOT_CLASS = YES_ERROR;
				CLANG_WARN_RANGE_LOOP_ANALYSIS = YES;
				CLANG_WARN_STRICT_PROTOTYPES = YES;
				CLANG_WARN_SUSPICIOUS_MOVE = YES;
				CLANG_WARN_UNGUARDED_AVAILABILITY = YES_AGGRESSIVE;
				CLANG_WARN_UNREACHABLE_CODE = YES;
				CLANG_WARN__DUPLICATE_METHOD_MATCH = YES;
				CODE_SIGN_IDENTITY = "iPhone Developer";
				COPY_PHASE_STRIP = NO;
				DEBUG_INFORMATION_FORMAT = dwarf;
				ENABLE_STRICT_OBJC_MSGSEND = YES;
				ENABLE_TESTABILITY = YES;
				GCC_C_LANGUAGE_STANDARD = gnu11;
				GCC_DYNAMIC_NO_PIC = NO;
				GCC_NO_COMMON_BLOCKS = YES;
				GCC_OPTIMIZATION_LEVEL = 0;
				GCC_PREPROCESSOR_DEFINITIONS = (
					"DEBUG=1",
					"$(inherited)",
				);
				GCC_WARN_64_TO_32_BIT_CONVERSION = YES;
				GCC_WARN_ABOUT_RETURN_TYPE = YES_ERROR;
				GCC_WARN_UNDECLARED_SELECTOR = YES;
				GCC_WARN_UNINITIALIZED_AUTOS = YES_AGGRESSIVE;
				GCC_WARN_UNUSED_FUNCTION = YES;
				GCC_WARN_UNUSED_VARIABLE = YES;
				IPHONEOS_DEPLOYMENT_TARGET = 11.1;
				MTL_ENABLE_DEBUG_INFO = YES;
				ONLY_ACTIVE_ARCH = YES;
				SDKROOT = iphoneos;
			};
			name = Debug;
		};
		D96BD8A91FFDF33F0042A0D0 /* Release */ = {
			isa = XCBuildConfiguration;
			buildSettings = {
				ALWAYS_SEARCH_USER_PATHS = NO;
				CLANG_ANALYZER_NONNULL = YES;
				CLANG_ANALYZER_NUMBER_OBJECT_CONVERSION = YES_AGGRESSIVE;
				CLANG_CXX_LANGUAGE_STANDARD = "gnu++14";
				CLANG_CXX_LIBRARY = "libc++";
				CLANG_ENABLE_MODULES = YES;
				CLANG_ENABLE_OBJC_ARC = YES;
				CLANG_WARN_BLOCK_CAPTURE_AUTORELEASING = YES;
				CLANG_WARN_BOOL_CONVERSION = YES;
				CLANG_WARN_COMMA = YES;
				CLANG_WARN_CONSTANT_CONVERSION = YES;
				CLANG_WARN_DIRECT_OBJC_ISA_USAGE = YES_ERROR;
				CLANG_WARN_DOCUMENTATION_COMMENTS = YES;
				CLANG_WARN_EMPTY_BODY = YES;
				CLANG_WARN_ENUM_CONVERSION = YES;
				CLANG_WARN_INFINITE_RECURSION = YES;
				CLANG_WARN_INT_CONVERSION = YES;
				CLANG_WARN_NON_LITERAL_NULL_CONVERSION = YES;
				CLANG_WARN_OBJC_LITERAL_CONVERSION = YES;
				CLANG_WARN_OBJC_ROOT_CLASS = YES_ERROR;
				CLANG_WARN_RANGE_LOOP_ANALYSIS = YES;
				CLANG_WARN_STRICT_PROTOTYPES = YES;
				CLANG_WARN_SUSPICIOUS_MOVE = YES;
				CLANG_WARN_UNGUARDED_AVAILABILITY = YES_AGGRESSIVE;
				CLANG_WARN_UNREACHABLE_CODE = YES;
				CLANG_WARN__DUPLICATE_METHOD_MATCH = YES;
				CODE_SIGN_IDENTITY = "iPhone Developer";
				COPY_PHASE_STRIP = NO;
				DEBUG_INFORMATION_FORMAT = "dwarf-with-dsym";
				ENABLE_NS_ASSERTIONS = NO;
				ENABLE_STRICT_OBJC_MSGSEND = YES;
				GCC_C_LANGUAGE_STANDARD = gnu11;
				GCC_NO_COMMON_BLOCKS = YES;
				GCC_WARN_64_TO_32_BIT_CONVERSION = YES;
				GCC_WARN_ABOUT_RETURN_TYPE = YES_ERROR;
				GCC_WARN_UNDECLARED_SELECTOR = YES;
				GCC_WARN_UNINITIALIZED_AUTOS = YES_AGGRESSIVE;
				GCC_WARN_UNUSED_FUNCTION = YES;
				GCC_WARN_UNUSED_VARIABLE = YES;
				IPHONEOS_DEPLOYMENT_TARGET = 11.1;
				MTL_ENABLE_DEBUG_INFO = NO;
				SDKROOT = iphoneos;
				VALIDATE_PRODUCT = YES;
			};
			name = Release;
		};
		D96BD8AB1FFDF33F0042A0D0 /* Debug */ = {
			isa = XCBuildConfiguration;
			baseConfigurationReference = 4709CCB6A53D6E1B17DD02F7 /* Pods-TheBibileReader.debug.xcconfig */;
			buildSettings = {
				ASSETCATALOG_COMPILER_APPICON_NAME = AppIcon;
				CODE_SIGN_STYLE = Automatic;
				DEVELOPMENT_TEAM = KWU5YRVHQB;
				GCC_PRECOMPILE_PREFIX_HEADER = YES;
				GCC_PREFIX_HEADER = "$(SRCROOT)/TheBibileReader/BiblePrefixHeader.pch";
				HEADER_SEARCH_PATHS = (
					"\"$(SDKROOT)/usr/include/libxml2\"",
					"$(inherited)",
					"\"${PODS_ROOT}/Headers/Public\"",
					"\"${PODS_ROOT}/Headers/Public/DACircularProgress\"",
					"\"${PODS_ROOT}/Headers/Public/DTCoreText\"",
					"\"${PODS_ROOT}/Headers/Public/DTFoundation\"",
					"\"${PODS_ROOT}/Headers/Public/MBProgressHUD\"",
					"\"${PODS_ROOT}/Headers/Public/MWPhotoBrowser\"",
					"\"${PODS_ROOT}/Headers/Public/SDWebImage\"",
					"\"${PODS_ROOT}/Headers/Public/ZipArchive\"",
					"${SDKROOT}/usr/include/libxml2",
				);
				INFOPLIST_FILE = TheBibileReader/Info.plist;
				IPHONEOS_DEPLOYMENT_TARGET = 9.0;
				LD_RUNPATH_SEARCH_PATHS = "$(inherited) @executable_path/Frameworks";
				OTHER_LDFLAGS = (
					"$(inherited)",
					"-ObjC",
					"-l\"DACircularProgress\"",
					"-l\"DTCoreText\"",
					"-l\"DTFoundation\"",
					"-l\"MBProgressHUD\"",
					"-l\"MWPhotoBrowser\"",
					"-l\"SDWebImage\"",
					"-l\"ZipArchive\"",
					"-l\"xml2\"",
					"-l\"z\"",
					"-framework",
					"\"AssetsLibrary\"",
					"-framework",
					"\"CoreGraphics\"",
					"-framework",
					"\"CoreText\"",
					"-framework",
					"\"ImageIO\"",
					"-framework",
					"\"MediaPlayer\"",
					"-framework",
					"\"QuartzCore\"",
					"-lxml2",
					"-weak_framework",
					"\"Photos\"",
				);
				PRODUCT_BUNDLE_IDENTIFIER = com.lowbee.TheBibileReader;
				PRODUCT_NAME = "$(TARGET_NAME)";
				TARGETED_DEVICE_FAMILY = 1;
			};
			name = Debug;
		};
		D96BD8AC1FFDF33F0042A0D0 /* Release */ = {
			isa = XCBuildConfiguration;
			baseConfigurationReference = 6AB0FD57B0E0FF605F14CDFF /* Pods-TheBibileReader.release.xcconfig */;
			buildSettings = {
				ASSETCATALOG_COMPILER_APPICON_NAME = AppIcon;
				CODE_SIGN_STYLE = Automatic;
				DEVELOPMENT_TEAM = KWU5YRVHQB;
				GCC_PRECOMPILE_PREFIX_HEADER = YES;
				GCC_PREFIX_HEADER = "$(SRCROOT)/TheBibileReader/BiblePrefixHeader.pch";
				HEADER_SEARCH_PATHS = (
					"\"$(SDKROOT)/usr/include/libxml2\"",
					"$(inherited)",
					"\"${PODS_ROOT}/Headers/Public\"",
					"\"${PODS_ROOT}/Headers/Public/DACircularProgress\"",
					"\"${PODS_ROOT}/Headers/Public/DTCoreText\"",
					"\"${PODS_ROOT}/Headers/Public/DTFoundation\"",
					"\"${PODS_ROOT}/Headers/Public/MBProgressHUD\"",
					"\"${PODS_ROOT}/Headers/Public/MWPhotoBrowser\"",
					"\"${PODS_ROOT}/Headers/Public/SDWebImage\"",
					"\"${PODS_ROOT}/Headers/Public/ZipArchive\"",
					"${SDKROOT}/usr/include/libxml2",
				);
				INFOPLIST_FILE = TheBibileReader/Info.plist;
				IPHONEOS_DEPLOYMENT_TARGET = 9.0;
				LD_RUNPATH_SEARCH_PATHS = "$(inherited) @executable_path/Frameworks";
				OTHER_LDFLAGS = (
					"$(inherited)",
					"-ObjC",
					"-l\"DACircularProgress\"",
					"-l\"DTCoreText\"",
					"-l\"DTFoundation\"",
					"-l\"MBProgressHUD\"",
					"-l\"MWPhotoBrowser\"",
					"-l\"SDWebImage\"",
					"-l\"ZipArchive\"",
					"-l\"xml2\"",
					"-l\"z\"",
					"-framework",
					"\"AssetsLibrary\"",
					"-framework",
					"\"CoreGraphics\"",
					"-framework",
					"\"CoreText\"",
					"-framework",
					"\"ImageIO\"",
					"-framework",
					"\"MediaPlayer\"",
					"-framework",
					"\"QuartzCore\"",
					"-lxml2",
					"-weak_framework",
					"\"Photos\"",
				);
				PRODUCT_BUNDLE_IDENTIFIER = com.lowbee.TheBibileReader;
				PRODUCT_NAME = "$(TARGET_NAME)";
				TARGETED_DEVICE_FAMILY = 1;
			};
			name = Release;
		};
/* End XCBuildConfiguration section */

/* Begin XCConfigurationList section */
		D96BD88F1FFDF33F0042A0D0 /* Build configuration list for PBXProject "TheBibileReader" */ = {
			isa = XCConfigurationList;
			buildConfigurations = (
				D96BD8A81FFDF33F0042A0D0 /* Debug */,
				D96BD8A91FFDF33F0042A0D0 /* Release */,
			);
			defaultConfigurationIsVisible = 0;
			defaultConfigurationName = Release;
		};
		D96BD8AA1FFDF33F0042A0D0 /* Build configuration list for PBXNativeTarget "TheBibileReader" */ = {
			isa = XCConfigurationList;
			buildConfigurations = (
				D96BD8AB1FFDF33F0042A0D0 /* Debug */,
				D96BD8AC1FFDF33F0042A0D0 /* Release */,
			);
			defaultConfigurationIsVisible = 0;
			defaultConfigurationName = Release;
		};
/* End XCConfigurationList section */
	};
	rootObject = D96BD88C1FFDF33F0042A0D0 /* Project object */;
}
